// !$*UTF8*$!
{
	archiveVersion = 1;
	classes = {
	};
	objectVersion = 56;
	objects = {

/* Begin PBXBuildFile section */
		BE34E1C42DAE915900E6E5FF /* MainView.swift in Sources */ = {isa = PBXBuildFile; fileRef = BE34E1C32DAE915900E6E5FF /* MainView.swift */; };
		BE34E1C62DAE916C00E6E5FF /* MainViewPresenter.swift in Sources */ = {isa = PBXBuildFile; fileRef = BE34E1C52DAE916C00E6E5FF /* MainViewPresenter.swift */; };
		BE34E1C82DAE918800E6E5FF /* MainViewContent.swift in Sources */ = {isa = PBXBuildFile; fileRef = BE34E1C72DAE918800E6E5FF /* MainViewContent.swift */; };
		BE71C8CA2DBF6ABD003EB62A /* AddDetailsViewModel.swift in Sources */ = {isa = PBXBuildFile; fileRef = BE71C8C92DBF6ABD003EB62A /* AddDetailsViewModel.swift */; };
		BE7900ED2DB0358100D12D30 /* BaseTextView.swift in Sources */ = {isa = PBXBuildFile; fileRef = BE7900EC2DB0358100D12D30 /* BaseTextView.swift */; };
		BE7A1A1B2DBE234A00AE4707 /* AddDetailsNetworkManager.swift in Sources */ = {isa = PBXBuildFile; fileRef = BE7A1A1A2DBE234A00AE4707 /* AddDetailsNetworkManager.swift */; };
		BE8049BA2DA958890021012A /* Lottie in Frameworks */ = {isa = PBXBuildFile; productRef = BE8049B92DA958890021012A /* Lottie */; };
		BE8049BD2DA9597A0021012A /* Jost.ttf in Resources */ = {isa = PBXBuildFile; fileRef = BE8049BC2DA9597A0021012A /* Jost.ttf */; };
		BE8049C12DA95D6F0021012A /* books.json in Resources */ = {isa = PBXBuildFile; fileRef = BE8049C02DA95D6F0021012A /* books.json */; };
		BE8049C32DA9932F0021012A /* FontManager.swift in Sources */ = {isa = PBXBuildFile; fileRef = BE8049C22DA9932F0021012A /* FontManager.swift */; };
		BE8049C72DA996490021012A /* Notification.Name.Ext.swift in Sources */ = {isa = PBXBuildFile; fileRef = BE8049C62DA996490021012A /* Notification.Name.Ext.swift */; };
		BE8049CC2DA998390021012A /* PreviewView.swift in Sources */ = {isa = PBXBuildFile; fileRef = BE8049CB2DA998390021012A /* PreviewView.swift */; };
		BE8049D22DA99FD70021012A /* Builder.swift in Sources */ = {isa = PBXBuildFile; fileRef = BE8049D12DA99FD70021012A /* Builder.swift */; };
		BE8049D42DAA56320021012A /* RegistrationView.swift in Sources */ = {isa = PBXBuildFile; fileRef = BE8049D32DAA56320021012A /* RegistrationView.swift */; };
		BE8049D62DAA57150021012A /* RegistrationViewPresenter.swift in Sources */ = {isa = PBXBuildFile; fileRef = BE8049D52DAA57150021012A /* RegistrationViewPresenter.swift */; };
		BE8049D82DAA59D50021012A /* RegistrationViewContent.swift in Sources */ = {isa = PBXBuildFile; fileRef = BE8049D72DAA59D50021012A /* RegistrationViewContent.swift */; };
		BE8049DC2DAA61670021012A /* String.Ext.swift in Sources */ = {isa = PBXBuildFile; fileRef = BE8049DB2DAA61670021012A /* String.Ext.swift */; };
		BE8049E02DAA7E720021012A /* CustomFont.swift in Sources */ = {isa = PBXBuildFile; fileRef = BE8049DF2DAA7E720021012A /* CustomFont.swift */; };
		BE8049E32DAA7FCE0021012A /* View.Ext.swift in Sources */ = {isa = PBXBuildFile; fileRef = BE8049E22DAA7FCE0021012A /* View.Ext.swift */; };
		BE804A0C2DABFF2B0021012A /* OrangeButton.swift in Sources */ = {isa = PBXBuildFile; fileRef = BE804A0B2DABFF2B0021012A /* OrangeButton.swift */; };
		BE804A122DAC07C60021012A /* OnboardingView.swift in Sources */ = {isa = PBXBuildFile; fileRef = BE804A112DAC07C60021012A /* OnboardingView.swift */; };
		BE804A142DAC08400021012A /* OnboardingViewPresenter.swift in Sources */ = {isa = PBXBuildFile; fileRef = BE804A132DAC08400021012A /* OnboardingViewPresenter.swift */; };
		BE804A162DAC0B350021012A /* OnboardingViewContent.swift in Sources */ = {isa = PBXBuildFile; fileRef = BE804A152DAC0B350021012A /* OnboardingViewContent.swift */; };
		BE804A182DAC252E0021012A /* OnboardingData.swift in Sources */ = {isa = PBXBuildFile; fileRef = BE804A172DAC252E0021012A /* OnboardingData.swift */; };
		BEB0CDAE2DA94E6800312F96 /* AppDelegate.swift in Sources */ = {isa = PBXBuildFile; fileRef = BEB0CDAD2DA94E6800312F96 /* AppDelegate.swift */; };
		BEB0CDB02DA94E6800312F96 /* SceneDelegate.swift in Sources */ = {isa = PBXBuildFile; fileRef = BEB0CDAF2DA94E6800312F96 /* SceneDelegate.swift */; };
		BEB0CDB72DA94E6B00312F96 /* Assets.xcassets in Resources */ = {isa = PBXBuildFile; fileRef = BEB0CDB62DA94E6B00312F96 /* Assets.xcassets */; };
		BEB0CDBA2DA94E6B00312F96 /* LaunchScreen.storyboard in Resources */ = {isa = PBXBuildFile; fileRef = BEB0CDB82DA94E6B00312F96 /* LaunchScreen.storyboard */; };
		BECD10582DB2483D00C6E76C /* DetailsViewPresenter.swift in Sources */ = {isa = PBXBuildFile; fileRef = BECD10572DB2483D00C6E76C /* DetailsViewPresenter.swift */; };
		BECD105A2DB2486F00C6E76C /* DetailsViewContent.swift in Sources */ = {isa = PBXBuildFile; fileRef = BECD10592DB2486F00C6E76C /* DetailsViewContent.swift */; };
		BECD105C2DB248C000C6E76C /* DetailsView.swift in Sources */ = {isa = PBXBuildFile; fileRef = BECD105B2DB248C000C6E76C /* DetailsView.swift */; };
		BECD105F2DB4235000C6E76C /* BookStatusButton.swift in Sources */ = {isa = PBXBuildFile; fileRef = BECD105E2DB4235000C6E76C /* BookStatusButton.swift */; };
		BECD10612DB615AC00C6E76C /* CommentView.swift in Sources */ = {isa = PBXBuildFile; fileRef = BECD10602DB615AC00C6E76C /* CommentView.swift */; };
		BECD106C2DB6179000C6E76C /* AddBookViewPresenter.swift in Sources */ = {isa = PBXBuildFile; fileRef = BECD106B2DB6179000C6E76C /* AddBookViewPresenter.swift */; };
		BECD106E2DB617DE00C6E76C /* AddBookView.swift in Sources */ = {isa = PBXBuildFile; fileRef = BECD106D2DB617DE00C6E76C /* AddBookView.swift */; };
		BECD10702DB6186C00C6E76C /* AddBookViewContent.swift in Sources */ = {isa = PBXBuildFile; fileRef = BECD106F2DB6186C00C6E76C /* AddBookViewContent.swift */; };
		BECD10722DB61B3700C6E76C /* BookListViewPresenter.swift in Sources */ = {isa = PBXBuildFile; fileRef = BECD10712DB61B3700C6E76C /* BookListViewPresenter.swift */; };
		BECD10742DB61B7500C6E76C /* BookListView.swift in Sources */ = {isa = PBXBuildFile; fileRef = BECD10732DB61B7500C6E76C /* BookListView.swift */; };
		BECD10762DB61BFA00C6E76C /* BookListViewContent.swift in Sources */ = {isa = PBXBuildFile; fileRef = BECD10752DB61BFA00C6E76C /* BookListViewContent.swift */; };
		BECD10782DB61DD200C6E76C /* AddDetailsViewPresenter.swift in Sources */ = {isa = PBXBuildFile; fileRef = BECD10772DB61DD200C6E76C /* AddDetailsViewPresenter.swift */; };
		BECD107A2DB61E3A00C6E76C /* AddDetailsView.swift in Sources */ = {isa = PBXBuildFile; fileRef = BECD10792DB61E3A00C6E76C /* AddDetailsView.swift */; };
		BECD107C2DB61E6E00C6E76C /* AddDetailsViewContent.swift in Sources */ = {isa = PBXBuildFile; fileRef = BECD107B2DB61E6E00C6E76C /* AddDetailsViewContent.swift */; };
		BECD107E2DB62A3600C6E76C /* NavHeader.swift in Sources */ = {isa = PBXBuildFile; fileRef = BECD107D2DB62A3600C6E76C /* NavHeader.swift */; };
		BEE3C0792DB8CC4C009B8FA5 /* BookItem.swift in Sources */ = {isa = PBXBuildFile; fileRef = BEE3C0782DB8CC4C009B8FA5 /* BookItem.swift */; };
		BEE3C0812DBA7600009B8FA5 /* AddBookModel.swift in Sources */ = {isa = PBXBuildFile; fileRef = BEE3C0802DBA7600009B8FA5 /* AddBookModel.swift */; };
		BEE3C0842DBA7EF8009B8FA5 /* BookNetworkManager.swift in Sources */ = {isa = PBXBuildFile; fileRef = BEE3C0832DBA7EF8009B8FA5 /* BookNetworkManager.swift */; };
		BEE3C0872DBB92D9009B8FA5 /* SDWebImageSwiftUI in Frameworks */ = {isa = PBXBuildFile; productRef = BEE3C0862DBB92D9009B8FA5 /* SDWebImageSwiftUI */; };
		BEE7C6482DAD52E20081EABF /* DataBaseManager.swift in Sources */ = {isa = PBXBuildFile; fileRef = BEE7C6472DAD52E20081EABF /* DataBaseManager.swift */; };
		BEE7C64B2DAD54400081EABF /* db.xcdatamodeld in Sources */ = {isa = PBXBuildFile; fileRef = BEE7C6492DAD54400081EABF /* db.xcdatamodeld */; };
		BEE7C6522DAD5BAD0081EABF /* Note+CoreDataClass.swift in Sources */ = {isa = PBXBuildFile; fileRef = BEE7C64E2DAD5BAD0081EABF /* Note+CoreDataClass.swift */; };
		BEE7C6562DAE47480081EABF /* StorageManager.swift in Sources */ = {isa = PBXBuildFile; fileRef = BEE7C6552DAE47480081EABF /* StorageManager.swift */; };
		BEE7C6592DAE47C90081EABF /* Book+CoreDataClass.swift in Sources */ = {isa = PBXBuildFile; fileRef = BEE7C6572DAE47C90081EABF /* Book+CoreDataClass.swift */; };
		BEE7C65D2DAE4E0E0081EABF /* BookStatus.swift in Sources */ = {isa = PBXBuildFile; fileRef = BEE7C65C2DAE4E0E0081EABF /* BookStatus.swift */; };
/* End PBXBuildFile section */

/* Begin PBXFileReference section */
		BE34E1C32DAE915900E6E5FF /* MainView.swift */ = {isa = PBXFileReference; lastKnownFileType = sourcecode.swift; path = MainView.swift; sourceTree = "<group>"; };
		BE34E1C52DAE916C00E6E5FF /* MainViewPresenter.swift */ = {isa = PBXFileReference; lastKnownFileType = sourcecode.swift; path = MainViewPresenter.swift; sourceTree = "<group>"; };
		BE34E1C72DAE918800E6E5FF /* MainViewContent.swift */ = {isa = PBXFileReference; lastKnownFileType = sourcecode.swift; path = MainViewContent.swift; sourceTree = "<group>"; };
		BE71C8C92DBF6ABD003EB62A /* AddDetailsViewModel.swift */ = {isa = PBXFileReference; lastKnownFileType = sourcecode.swift; path = AddDetailsViewModel.swift; sourceTree = "<group>"; };
		BE7900EC2DB0358100D12D30 /* BaseTextView.swift */ = {isa = PBXFileReference; lastKnownFileType = sourcecode.swift; path = BaseTextView.swift; sourceTree = "<group>"; };
		BE7A1A1A2DBE234A00AE4707 /* AddDetailsNetworkManager.swift */ = {isa = PBXFileReference; lastKnownFileType = sourcecode.swift; path = AddDetailsNetworkManager.swift; sourceTree = "<group>"; };
		BE8049BC2DA9597A0021012A /* Jost.ttf */ = {isa = PBXFileReference; lastKnownFileType = file; path = Jost.ttf; sourceTree = "<group>"; };
		BE8049C02DA95D6F0021012A /* books.json */ = {isa = PBXFileReference; fileEncoding = 4; lastKnownFileType = text.json; path = books.json; sourceTree = "<group>"; };
		BE8049C22DA9932F0021012A /* FontManager.swift */ = {isa = PBXFileReference; lastKnownFileType = sourcecode.swift; path = FontManager.swift; sourceTree = "<group>"; };
		BE8049C62DA996490021012A /* Notification.Name.Ext.swift */ = {isa = PBXFileReference; lastKnownFileType = sourcecode.swift; path = Notification.Name.Ext.swift; sourceTree = "<group>"; };
		BE8049CB2DA998390021012A /* PreviewView.swift */ = {isa = PBXFileReference; lastKnownFileType = sourcecode.swift; path = PreviewView.swift; sourceTree = "<group>"; };
		BE8049D12DA99FD70021012A /* Builder.swift */ = {isa = PBXFileReference; lastKnownFileType = sourcecode.swift; path = Builder.swift; sourceTree = "<group>"; };
		BE8049D32DAA56320021012A /* RegistrationView.swift */ = {isa = PBXFileReference; lastKnownFileType = sourcecode.swift; path = RegistrationView.swift; sourceTree = "<group>"; };
		BE8049D52DAA57150021012A /* RegistrationViewPresenter.swift */ = {isa = PBXFileReference; lastKnownFileType = sourcecode.swift; path = RegistrationViewPresenter.swift; sourceTree = "<group>"; };
		BE8049D72DAA59D50021012A /* RegistrationViewContent.swift */ = {isa = PBXFileReference; lastKnownFileType = sourcecode.swift; path = RegistrationViewContent.swift; sourceTree = "<group>"; };
		BE8049DB2DAA61670021012A /* String.Ext.swift */ = {isa = PBXFileReference; lastKnownFileType = sourcecode.swift; path = String.Ext.swift; sourceTree = "<group>"; };
		BE8049DF2DAA7E720021012A /* CustomFont.swift */ = {isa = PBXFileReference; lastKnownFileType = sourcecode.swift; path = CustomFont.swift; sourceTree = "<group>"; };
		BE8049E22DAA7FCE0021012A /* View.Ext.swift */ = {isa = PBXFileReference; lastKnownFileType = sourcecode.swift; path = View.Ext.swift; sourceTree = "<group>"; };
		BE804A0B2DABFF2B0021012A /* OrangeButton.swift */ = {isa = PBXFileReference; lastKnownFileType = sourcecode.swift; path = OrangeButton.swift; sourceTree = "<group>"; };
		BE804A112DAC07C60021012A /* OnboardingView.swift */ = {isa = PBXFileReference; lastKnownFileType = sourcecode.swift; path = OnboardingView.swift; sourceTree = "<group>"; };
		BE804A132DAC08400021012A /* OnboardingViewPresenter.swift */ = {isa = PBXFileReference; lastKnownFileType = sourcecode.swift; path = OnboardingViewPresenter.swift; sourceTree = "<group>"; };
		BE804A152DAC0B350021012A /* OnboardingViewContent.swift */ = {isa = PBXFileReference; lastKnownFileType = sourcecode.swift; path = OnboardingViewContent.swift; sourceTree = "<group>"; };
		BE804A172DAC252E0021012A /* OnboardingData.swift */ = {isa = PBXFileReference; lastKnownFileType = sourcecode.swift; path = OnboardingData.swift; sourceTree = "<group>"; };
		BEB0CDAA2DA94E6800312F96 /* Books.app */ = {isa = PBXFileReference; explicitFileType = wrapper.application; includeInIndex = 0; path = Books.app; sourceTree = BUILT_PRODUCTS_DIR; };
		BEB0CDAD2DA94E6800312F96 /* AppDelegate.swift */ = {isa = PBXFileReference; lastKnownFileType = sourcecode.swift; path = AppDelegate.swift; sourceTree = "<group>"; };
		BEB0CDAF2DA94E6800312F96 /* SceneDelegate.swift */ = {isa = PBXFileReference; lastKnownFileType = sourcecode.swift; path = SceneDelegate.swift; sourceTree = "<group>"; };
		BEB0CDB62DA94E6B00312F96 /* Assets.xcassets */ = {isa = PBXFileReference; lastKnownFileType = folder.assetcatalog; path = Assets.xcassets; sourceTree = "<group>"; };
		BEB0CDB92DA94E6B00312F96 /* Base */ = {isa = PBXFileReference; lastKnownFileType = file.storyboard; name = Base; path = Base.lproj/LaunchScreen.storyboard; sourceTree = "<group>"; };
		BEB0CDBB2DA94E6B00312F96 /* Info.plist */ = {isa = PBXFileReference; lastKnownFileType = text.plist.xml; path = Info.plist; sourceTree = "<group>"; };
		BECD10572DB2483D00C6E76C /* DetailsViewPresenter.swift */ = {isa = PBXFileReference; lastKnownFileType = sourcecode.swift; path = DetailsViewPresenter.swift; sourceTree = "<group>"; };
		BECD10592DB2486F00C6E76C /* DetailsViewContent.swift */ = {isa = PBXFileReference; lastKnownFileType = sourcecode.swift; path = DetailsViewContent.swift; sourceTree = "<group>"; };
		BECD105B2DB248C000C6E76C /* DetailsView.swift */ = {isa = PBXFileReference; lastKnownFileType = sourcecode.swift; path = DetailsView.swift; sourceTree = "<group>"; };
		BECD105E2DB4235000C6E76C /* BookStatusButton.swift */ = {isa = PBXFileReference; lastKnownFileType = sourcecode.swift; path = BookStatusButton.swift; sourceTree = "<group>"; };
		BECD10602DB615AC00C6E76C /* CommentView.swift */ = {isa = PBXFileReference; lastKnownFileType = sourcecode.swift; path = CommentView.swift; sourceTree = "<group>"; };
		BECD106B2DB6179000C6E76C /* AddBookViewPresenter.swift */ = {isa = PBXFileReference; lastKnownFileType = sourcecode.swift; path = AddBookViewPresenter.swift; sourceTree = "<group>"; };
		BECD106D2DB617DE00C6E76C /* AddBookView.swift */ = {isa = PBXFileReference; lastKnownFileType = sourcecode.swift; path = AddBookView.swift; sourceTree = "<group>"; };
		BECD106F2DB6186C00C6E76C /* AddBookViewContent.swift */ = {isa = PBXFileReference; lastKnownFileType = sourcecode.swift; path = AddBookViewContent.swift; sourceTree = "<group>"; };
		BECD10712DB61B3700C6E76C /* BookListViewPresenter.swift */ = {isa = PBXFileReference; lastKnownFileType = sourcecode.swift; path = BookListViewPresenter.swift; sourceTree = "<group>"; };
		BECD10732DB61B7500C6E76C /* BookListView.swift */ = {isa = PBXFileReference; lastKnownFileType = sourcecode.swift; path = BookListView.swift; sourceTree = "<group>"; };
		BECD10752DB61BFA00C6E76C /* BookListViewContent.swift */ = {isa = PBXFileReference; lastKnownFileType = sourcecode.swift; path = BookListViewContent.swift; sourceTree = "<group>"; };
		BECD10772DB61DD200C6E76C /* AddDetailsViewPresenter.swift */ = {isa = PBXFileReference; lastKnownFileType = sourcecode.swift; path = AddDetailsViewPresenter.swift; sourceTree = "<group>"; };
		BECD10792DB61E3A00C6E76C /* AddDetailsView.swift */ = {isa = PBXFileReference; lastKnownFileType = sourcecode.swift; path = AddDetailsView.swift; sourceTree = "<group>"; };
		BECD107B2DB61E6E00C6E76C /* AddDetailsViewContent.swift */ = {isa = PBXFileReference; lastKnownFileType = sourcecode.swift; path = AddDetailsViewContent.swift; sourceTree = "<group>"; };
		BECD107D2DB62A3600C6E76C /* NavHeader.swift */ = {isa = PBXFileReference; lastKnownFileType = sourcecode.swift; path = NavHeader.swift; sourceTree = "<group>"; };
		BEE3C0782DB8CC4C009B8FA5 /* BookItem.swift */ = {isa = PBXFileReference; lastKnownFileType = sourcecode.swift; path = BookItem.swift; sourceTree = "<group>"; };
		BEE3C0802DBA7600009B8FA5 /* AddBookModel.swift */ = {isa = PBXFileReference; lastKnownFileType = sourcecode.swift; path = AddBookModel.swift; sourceTree = "<group>"; };
		BEE3C0832DBA7EF8009B8FA5 /* BookNetworkManager.swift */ = {isa = PBXFileReference; lastKnownFileType = sourcecode.swift; path = BookNetworkManager.swift; sourceTree = "<group>"; };
		BEE7C6472DAD52E20081EABF /* DataBaseManager.swift */ = {isa = PBXFileReference; lastKnownFileType = sourcecode.swift; path = DataBaseManager.swift; sourceTree = "<group>"; };
		BEE7C64A2DAD54400081EABF /* db.xcdatamodel */ = {isa = PBXFileReference; lastKnownFileType = wrapper.xcdatamodel; path = db.xcdatamodel; sourceTree = "<group>"; };
		BEE7C64E2DAD5BAD0081EABF /* Note+CoreDataClass.swift */ = {isa = PBXFileReference; lastKnownFileType = sourcecode.swift; path = "Note+CoreDataClass.swift"; sourceTree = "<group>"; };
		BEE7C6552DAE47480081EABF /* StorageManager.swift */ = {isa = PBXFileReference; lastKnownFileType = sourcecode.swift; path = StorageManager.swift; sourceTree = "<group>"; };
		BEE7C6572DAE47C90081EABF /* Book+CoreDataClass.swift */ = {isa = PBXFileReference; lastKnownFileType = sourcecode.swift; path = "Book+CoreDataClass.swift"; sourceTree = "<group>"; };
		BEE7C65C2DAE4E0E0081EABF /* BookStatus.swift */ = {isa = PBXFileReference; lastKnownFileType = sourcecode.swift; path = BookStatus.swift; sourceTree = "<group>"; };
/* End PBXFileReference section */

/* Begin PBXFrameworksBuildPhase section */
		BEB0CDA72DA94E6800312F96 /* Frameworks */ = {
			isa = PBXFrameworksBuildPhase;
			buildActionMask = 2147483647;
			files = (
				BEE3C0872DBB92D9009B8FA5 /* SDWebImageSwiftUI in Frameworks */,
				BE8049BA2DA958890021012A /* Lottie in Frameworks */,
			);
			runOnlyForDeploymentPostprocessing = 0;
		};
/* End PBXFrameworksBuildPhase section */

/* Begin PBXGroup section */
		BE34E1BF2DAE90DA00E6E5FF /* MainView */ = {
			isa = PBXGroup;
			children = (
				BE34E1C22DAE911200E6E5FF /* Model */,
				BE34E1C12DAE910900E6E5FF /* View */,
				BE34E1C02DAE90FD00E6E5FF /* Presenter */,
			);
			path = MainView;
			sourceTree = "<group>";
		};
		BE34E1C02DAE90FD00E6E5FF /* Presenter */ = {
			isa = PBXGroup;
			children = (
				BE34E1C52DAE916C00E6E5FF /* MainViewPresenter.swift */,
			);
			path = Presenter;
			sourceTree = "<group>";
		};
		BE34E1C12DAE910900E6E5FF /* View */ = {
			isa = PBXGroup;
			children = (
				BEE3C0782DB8CC4C009B8FA5 /* BookItem.swift */,
				BE34E1C32DAE915900E6E5FF /* MainView.swift */,
				BE34E1C72DAE918800E6E5FF /* MainViewContent.swift */,
			);
			path = View;
			sourceTree = "<group>";
		};
		BE34E1C22DAE911200E6E5FF /* Model */ = {
			isa = PBXGroup;
			children = (
			);
			path = Model;
			sourceTree = "<group>";
		};
		BE71C8C82DBF6A9E003EB62A /* ViewModel */ = {
			isa = PBXGroup;
			children = (
				BE71C8C92DBF6ABD003EB62A /* AddDetailsViewModel.swift */,
			);
			path = ViewModel;
			sourceTree = "<group>";
		};
		BE7900EB2DB0352D00D12D30 /* View */ = {
			isa = PBXGroup;
			children = (
				BE7900EC2DB0358100D12D30 /* BaseTextView.swift */,
				BECD107D2DB62A3600C6E76C /* NavHeader.swift */,
			);
			path = View;
			sourceTree = "<group>";
		};
		BE7A1A192DBE232300AE4707 /* Manager */ = {
			isa = PBXGroup;
			children = (
				BE7A1A1A2DBE234A00AE4707 /* AddDetailsNetworkManager.swift */,
			);
			path = Manager;
			sourceTree = "<group>";
		};
		BE8049BB2DA958A20021012A /* Lottie */ = {
			isa = PBXGroup;
			children = (
				BE8049C02DA95D6F0021012A /* books.json */,
			);
			path = Lottie;
			sourceTree = "<group>";
		};
		BE8049C42DA9960F0021012A /* Helpers */ = {
			isa = PBXGroup;
			children = (
				BEE7C65B2DAE4E000081EABF /* BookStatus */,
				BE804A0A2DABFEFD0021012A /* Buttons */,
				BE8049DD2DAA7E3D0021012A /* Modifiers */,
				BE8049C52DA9961C0021012A /* Extensions */,
				BE7900EB2DB0352D00D12D30 /* View */,
			);
			path = Helpers;
			sourceTree = "<group>";
		};
		BE8049C52DA9961C0021012A /* Extensions */ = {
			isa = PBXGroup;
			children = (
				BE8049E12DAA7F990021012A /* View */,
				BE8049DA2DAA61290021012A /* Notification */,
				BE8049D92DAA610E0021012A /* String */,
			);
			path = Extensions;
			sourceTree = "<group>";
		};
		BE8049C82DA997A60021012A /* Modules */ = {
			isa = PBXGroup;
			children = (
				BE8049C92DA997BE0021012A /* PreviewView */,
				BE8049CD2DA99F660021012A /* RegistrationView */,
				BE804A0D2DAC05AF0021012A /* OnboardingView */,
				BE34E1BF2DAE90DA00E6E5FF /* MainView */,
				BECD10532DB247E100C6E76C /* DetailsView */,
				BECD10622DB616AC00C6E76C /* AddBookView */,
				BECD10632DB616CB00C6E76C /* BookListView */,
				BECD10642DB616DB00C6E76C /* AddDetailsView */,
			);
			path = Modules;
			sourceTree = "<group>";
		};
		BE8049C92DA997BE0021012A /* PreviewView */ = {
			isa = PBXGroup;
			children = (
				BE8049CA2DA997D80021012A /* View */,
			);
			path = PreviewView;
			sourceTree = "<group>";
		};
		BE8049CA2DA997D80021012A /* View */ = {
			isa = PBXGroup;
			children = (
				BE8049CB2DA998390021012A /* PreviewView.swift */,
			);
			path = View;
			sourceTree = "<group>";
		};
		BE8049CD2DA99F660021012A /* RegistrationView */ = {
			isa = PBXGroup;
			children = (
				BE8049CE2DA99F8F0021012A /* View */,
				BE8049CF2DA99F960021012A /* Presenter */,
			);
			path = RegistrationView;
			sourceTree = "<group>";
		};
		BE8049CE2DA99F8F0021012A /* View */ = {
			isa = PBXGroup;
			children = (
				BE8049D32DAA56320021012A /* RegistrationView.swift */,
				BE8049D72DAA59D50021012A /* RegistrationViewContent.swift */,
			);
			path = View;
			sourceTree = "<group>";
		};
		BE8049CF2DA99F960021012A /* Presenter */ = {
			isa = PBXGroup;
			children = (
				BE8049D52DAA57150021012A /* RegistrationViewPresenter.swift */,
			);
			path = Presenter;
			sourceTree = "<group>";
		};
		BE8049D02DA99FC80021012A /* Builder */ = {
			isa = PBXGroup;
			children = (
				BE8049D12DA99FD70021012A /* Builder.swift */,
			);
			path = Builder;
			sourceTree = "<group>";
		};
		BE8049D92DAA610E0021012A /* String */ = {
			isa = PBXGroup;
			children = (
				BE8049DB2DAA61670021012A /* String.Ext.swift */,
			);
			path = String;
			sourceTree = "<group>";
		};
		BE8049DA2DAA61290021012A /* Notification */ = {
			isa = PBXGroup;
			children = (
				BE8049C62DA996490021012A /* Notification.Name.Ext.swift */,
			);
			path = Notification;
			sourceTree = "<group>";
		};
		BE8049DD2DAA7E3D0021012A /* Modifiers */ = {
			isa = PBXGroup;
			children = (
				BE8049DE2DAA7E4B0021012A /* Font */,
			);
			path = Modifiers;
			sourceTree = "<group>";
		};
		BE8049DE2DAA7E4B0021012A /* Font */ = {
			isa = PBXGroup;
			children = (
				BE8049DF2DAA7E720021012A /* CustomFont.swift */,
			);
			path = Font;
			sourceTree = "<group>";
		};
		BE8049E12DAA7F990021012A /* View */ = {
			isa = PBXGroup;
			children = (
				BE8049E22DAA7FCE0021012A /* View.Ext.swift */,
			);
			path = View;
			sourceTree = "<group>";
		};
		BE804A0A2DABFEFD0021012A /* Buttons */ = {
			isa = PBXGroup;
			children = (
				BE804A0B2DABFF2B0021012A /* OrangeButton.swift */,
			);
			path = Buttons;
			sourceTree = "<group>";
		};
		BE804A0D2DAC05AF0021012A /* OnboardingView */ = {
			isa = PBXGroup;
			children = (
				BE804A102DAC073E0021012A /* Model */,
				BE804A0E2DAC05BE0021012A /* View */,
				BE804A0F2DAC05C40021012A /* Presenter */,
			);
			path = OnboardingView;
			sourceTree = "<group>";
		};
		BE804A0E2DAC05BE0021012A /* View */ = {
			isa = PBXGroup;
			children = (
				BE804A112DAC07C60021012A /* OnboardingView.swift */,
				BE804A152DAC0B350021012A /* OnboardingViewContent.swift */,
			);
			path = View;
			sourceTree = "<group>";
		};
		BE804A0F2DAC05C40021012A /* Presenter */ = {
			isa = PBXGroup;
			children = (
				BE804A132DAC08400021012A /* OnboardingViewPresenter.swift */,
			);
			path = Presenter;
			sourceTree = "<group>";
		};
		BE804A102DAC073E0021012A /* Model */ = {
			isa = PBXGroup;
			children = (
				BE804A172DAC252E0021012A /* OnboardingData.swift */,
			);
			path = Model;
			sourceTree = "<group>";
		};
		BEB0CDA12DA94E6800312F96 = {
			isa = PBXGroup;
			children = (
				BEB0CDAC2DA94E6800312F96 /* Books */,
				BEB0CDAB2DA94E6800312F96 /* Products */,
			);
			sourceTree = "<group>";
		};
		BEB0CDAB2DA94E6800312F96 /* Products */ = {
			isa = PBXGroup;
			children = (
				BEB0CDAA2DA94E6800312F96 /* Books.app */,
			);
			name = Products;
			sourceTree = "<group>";
		};
		BEB0CDAC2DA94E6800312F96 /* Books */ = {
			isa = PBXGroup;
			children = (
				BEE7C6542DAE47330081EABF /* StorageManager */,
				BEE7C6442DAD52A00081EABF /* DataBaseManager */,
				BE8049D02DA99FC80021012A /* Builder */,
				BE8049C42DA9960F0021012A /* Helpers */,
				BE8049BB2DA958A20021012A /* Lottie */,
				BEB0CDC12DA9531300312F96 /* Fonts */,
				BE8049C82DA997A60021012A /* Modules */,
				BEB0CDAD2DA94E6800312F96 /* AppDelegate.swift */,
				BEB0CDB62DA94E6B00312F96 /* Assets.xcassets */,
				BEB0CDB82DA94E6B00312F96 /* LaunchScreen.storyboard */,
				BEB0CDBB2DA94E6B00312F96 /* Info.plist */,
				BEB0CDAF2DA94E6800312F96 /* SceneDelegate.swift */,
			);
			path = Books;
			sourceTree = "<group>";
		};
		BEB0CDC12DA9531300312F96 /* Fonts */ = {
			isa = PBXGroup;
			children = (
				BE8049C22DA9932F0021012A /* FontManager.swift */,
				BE8049BC2DA9597A0021012A /* Jost.ttf */,
			);
			path = Fonts;
			sourceTree = "<group>";
		};
		BECD10532DB247E100C6E76C /* DetailsView */ = {
			isa = PBXGroup;
			children = (
				BECD10562DB2482000C6E76C /* Model */,
				BECD10552DB2481A00C6E76C /* View */,
				BECD10542DB2481100C6E76C /* Presenter */,
			);
			path = DetailsView;
			sourceTree = "<group>";
		};
		BECD10542DB2481100C6E76C /* Presenter */ = {
			isa = PBXGroup;
			children = (
				BECD10572DB2483D00C6E76C /* DetailsViewPresenter.swift */,
			);
			path = Presenter;
			sourceTree = "<group>";
		};
		BECD10552DB2481A00C6E76C /* View */ = {
			isa = PBXGroup;
			children = (
				BECD105D2DB4231D00C6E76C /* Parts */,
				BECD105B2DB248C000C6E76C /* DetailsView.swift */,
				BECD10592DB2486F00C6E76C /* DetailsViewContent.swift */,
			);
			path = View;
			sourceTree = "<group>";
		};
		BECD10562DB2482000C6E76C /* Model */ = {
			isa = PBXGroup;
			children = (
			);
			path = Model;
			sourceTree = "<group>";
		};
		BECD105D2DB4231D00C6E76C /* Parts */ = {
			isa = PBXGroup;
			children = (
				BECD105E2DB4235000C6E76C /* BookStatusButton.swift */,
				BECD10602DB615AC00C6E76C /* CommentView.swift */,
			);
			path = Parts;
			sourceTree = "<group>";
		};
		BECD10622DB616AC00C6E76C /* AddBookView */ = {
			isa = PBXGroup;
			children = (
				BEE3C0822DBA7ED7009B8FA5 /* Manager */,
				BEE3C07F2DBA7598009B8FA5 /* Model */,
				BECD106A2DB6177A00C6E76C /* View */,
				BECD10652DB6175200C6E76C /* Presenter */,
			);
			path = AddBookView;
			sourceTree = "<group>";
		};
		BECD10632DB616CB00C6E76C /* BookListView */ = {
			isa = PBXGroup;
			children = (
				BECD10692DB6177000C6E76C /* View */,
				BECD10662DB6175900C6E76C /* Presenter */,
			);
			path = BookListView;
			sourceTree = "<group>";
		};
		BECD10642DB616DB00C6E76C /* AddDetailsView */ = {
			isa = PBXGroup;
			children = (
				BE7A1A192DBE232300AE4707 /* Manager */,
				BECD10682DB6176A00C6E76C /* View */,
				BECD10672DB6175E00C6E76C /* Presenter */,
				BE71C8C82DBF6A9E003EB62A /* ViewModel */,
			);
			path = AddDetailsView;
			sourceTree = "<group>";
		};
		BECD10652DB6175200C6E76C /* Presenter */ = {
			isa = PBXGroup;
			children = (
				BECD106B2DB6179000C6E76C /* AddBookViewPresenter.swift */,
			);
			path = Presenter;
			sourceTree = "<group>";
		};
		BECD10662DB6175900C6E76C /* Presenter */ = {
			isa = PBXGroup;
			children = (
				BECD10712DB61B3700C6E76C /* BookListViewPresenter.swift */,
			);
			path = Presenter;
			sourceTree = "<group>";
		};
		BECD10672DB6175E00C6E76C /* Presenter */ = {
			isa = PBXGroup;
			children = (
				BECD10772DB61DD200C6E76C /* AddDetailsViewPresenter.swift */,
			);
			path = Presenter;
			sourceTree = "<group>";
		};
		BECD10682DB6176A00C6E76C /* View */ = {
			isa = PBXGroup;
			children = (
				BECD10792DB61E3A00C6E76C /* AddDetailsView.swift */,
				BECD107B2DB61E6E00C6E76C /* AddDetailsViewContent.swift */,
			);
			path = View;
			sourceTree = "<group>";
		};
		BECD10692DB6177000C6E76C /* View */ = {
			isa = PBXGroup;
			children = (
				BECD10732DB61B7500C6E76C /* BookListView.swift */,
				BECD10752DB61BFA00C6E76C /* BookListViewContent.swift */,
			);
			path = View;
			sourceTree = "<group>";
		};
		BECD106A2DB6177A00C6E76C /* View */ = {
			isa = PBXGroup;
			children = (
				BECD106D2DB617DE00C6E76C /* AddBookView.swift */,
				BECD106F2DB6186C00C6E76C /* AddBookViewContent.swift */,
			);
			path = View;
			sourceTree = "<group>";
		};
		BEE3C07F2DBA7598009B8FA5 /* Model */ = {
			isa = PBXGroup;
			children = (
				BEE3C0802DBA7600009B8FA5 /* AddBookModel.swift */,
			);
			path = Model;
			sourceTree = "<group>";
		};
		BEE3C0822DBA7ED7009B8FA5 /* Manager */ = {
			isa = PBXGroup;
			children = (
				BEE3C0832DBA7EF8009B8FA5 /* BookNetworkManager.swift */,
			);
			path = Manager;
			sourceTree = "<group>";
		};
		BEE7C6442DAD52A00081EABF /* DataBaseManager */ = {
			isa = PBXGroup;
			children = (
				BEE7C6462DAD52C90081EABF /* Manager */,
				BEE7C6452DAD52BE0081EABF /* Model */,
			);
			path = DataBaseManager;
			sourceTree = "<group>";
		};
		BEE7C6452DAD52BE0081EABF /* Model */ = {
			isa = PBXGroup;
			children = (
				BEE7C6572DAE47C90081EABF /* Book+CoreDataClass.swift */,
				BEE7C64E2DAD5BAD0081EABF /* Note+CoreDataClass.swift */,
				BEE7C6492DAD54400081EABF /* db.xcdatamodeld */,
			);
			path = Model;
			sourceTree = "<group>";
		};
		BEE7C6462DAD52C90081EABF /* Manager */ = {
			isa = PBXGroup;
			children = (
				BEE7C6472DAD52E20081EABF /* DataBaseManager.swift */,
			);
			path = Manager;
			sourceTree = "<group>";
		};
		BEE7C6542DAE47330081EABF /* StorageManager */ = {
			isa = PBXGroup;
			children = (
				BEE7C6552DAE47480081EABF /* StorageManager.swift */,
			);
			path = StorageManager;
			sourceTree = "<group>";
		};
		BEE7C65B2DAE4E000081EABF /* BookStatus */ = {
			isa = PBXGroup;
			children = (
				BEE7C65C2DAE4E0E0081EABF /* BookStatus.swift */,
			);
			path = BookStatus;
			sourceTree = "<group>";
		};
/* End PBXGroup section */

/* Begin PBXNativeTarget section */
		BEB0CDA92DA94E6800312F96 /* Books */ = {
			isa = PBXNativeTarget;
			buildConfigurationList = BEB0CDBE2DA94E6B00312F96 /* Build configuration list for PBXNativeTarget "Books" */;
			buildPhases = (
				BEB0CDA62DA94E6800312F96 /* Sources */,
				BEB0CDA72DA94E6800312F96 /* Frameworks */,
				BEB0CDA82DA94E6800312F96 /* Resources */,
			);
			buildRules = (
			);
			dependencies = (
			);
			name = Books;
			packageProductDependencies = (
				BE8049B92DA958890021012A /* Lottie */,
				BEE3C0862DBB92D9009B8FA5 /* SDWebImageSwiftUI */,
			);
			productName = Books;
			productReference = BEB0CDAA2DA94E6800312F96 /* Books.app */;
			productType = "com.apple.product-type.application";
		};
/* End PBXNativeTarget section */

/* Begin PBXProject section */
		BEB0CDA22DA94E6800312F96 /* Project object */ = {
			isa = PBXProject;
			attributes = {
				BuildIndependentTargetsInParallel = 1;
				LastSwiftUpdateCheck = 1520;
				LastUpgradeCheck = 1520;
				TargetAttributes = {
					BEB0CDA92DA94E6800312F96 = {
						CreatedOnToolsVersion = 15.2;
					};
				};
			};
			buildConfigurationList = BEB0CDA52DA94E6800312F96 /* Build configuration list for PBXProject "Books" */;
			compatibilityVersion = "Xcode 14.0";
			developmentRegion = en;
			hasScannedForEncodings = 0;
			knownRegions = (
				en,
				Base,
			);
			mainGroup = BEB0CDA12DA94E6800312F96;
			packageReferences = (
				BE8049B82DA958890021012A /* XCRemoteSwiftPackageReference "lottie-spm" */,
				BEE3C0852DBB92D9009B8FA5 /* XCRemoteSwiftPackageReference "SDWebImageSwiftUI" */,
			);
			productRefGroup = BEB0CDAB2DA94E6800312F96 /* Products */;
			projectDirPath = "";
			projectRoot = "";
			targets = (
				BEB0CDA92DA94E6800312F96 /* Books */,
			);
		};
/* End PBXProject section */

/* Begin PBXResourcesBuildPhase section */
		BEB0CDA82DA94E6800312F96 /* Resources */ = {
			isa = PBXResourcesBuildPhase;
			buildActionMask = 2147483647;
			files = (
				BE8049C12DA95D6F0021012A /* books.json in Resources */,
				BE8049BD2DA9597A0021012A /* Jost.ttf in Resources */,
				BEB0CDBA2DA94E6B00312F96 /* LaunchScreen.storyboard in Resources */,
				BEB0CDB72DA94E6B00312F96 /* Assets.xcassets in Resources */,
			);
			runOnlyForDeploymentPostprocessing = 0;
		};
/* End PBXResourcesBuildPhase section */

/* Begin PBXSourcesBuildPhase section */
		BEB0CDA62DA94E6800312F96 /* Sources */ = {
			isa = PBXSourcesBuildPhase;
			buildActionMask = 2147483647;
			files = (
				BEE7C65D2DAE4E0E0081EABF /* BookStatus.swift in Sources */,
				BE34E1C42DAE915900E6E5FF /* MainView.swift in Sources */,
				BE34E1C62DAE916C00E6E5FF /* MainViewPresenter.swift in Sources */,
				BE7A1A1B2DBE234A00AE4707 /* AddDetailsNetworkManager.swift in Sources */,
				BEB0CDAE2DA94E6800312F96 /* AppDelegate.swift in Sources */,
				BEE3C0792DB8CC4C009B8FA5 /* BookItem.swift in Sources */,
				BE804A0C2DABFF2B0021012A /* OrangeButton.swift in Sources */,
				BECD10742DB61B7500C6E76C /* BookListView.swift in Sources */,
				BECD106C2DB6179000C6E76C /* AddBookViewPresenter.swift in Sources */,
				BECD105A2DB2486F00C6E76C /* DetailsViewContent.swift in Sources */,
				BE804A142DAC08400021012A /* OnboardingViewPresenter.swift in Sources */,
				BE8049D22DA99FD70021012A /* Builder.swift in Sources */,
				BE8049C32DA9932F0021012A /* FontManager.swift in Sources */,
				BE8049E32DAA7FCE0021012A /* View.Ext.swift in Sources */,
				BE8049D62DAA57150021012A /* RegistrationViewPresenter.swift in Sources */,
				BECD105C2DB248C000C6E76C /* DetailsView.swift in Sources */,
				BECD105F2DB4235000C6E76C /* BookStatusButton.swift in Sources */,
				BECD10582DB2483D00C6E76C /* DetailsViewPresenter.swift in Sources */,
				BE8049C72DA996490021012A /* Notification.Name.Ext.swift in Sources */,
				BECD107C2DB61E6E00C6E76C /* AddDetailsViewContent.swift in Sources */,
				BECD10722DB61B3700C6E76C /* BookListViewPresenter.swift in Sources */,
				BEE3C0842DBA7EF8009B8FA5 /* BookNetworkManager.swift in Sources */,
				BE34E1C82DAE918800E6E5FF /* MainViewContent.swift in Sources */,
				BECD10762DB61BFA00C6E76C /* BookListViewContent.swift in Sources */,
				BEE7C6592DAE47C90081EABF /* Book+CoreDataClass.swift in Sources */,
				BEB0CDB02DA94E6800312F96 /* SceneDelegate.swift in Sources */,
				BE8049E02DAA7E720021012A /* CustomFont.swift in Sources */,
				BEE7C6482DAD52E20081EABF /* DataBaseManager.swift in Sources */,
				BEE3C0812DBA7600009B8FA5 /* AddBookModel.swift in Sources */,
				BEE7C6522DAD5BAD0081EABF /* Note+CoreDataClass.swift in Sources */,
				BECD107A2DB61E3A00C6E76C /* AddDetailsView.swift in Sources */,
				BEE7C6562DAE47480081EABF /* StorageManager.swift in Sources */,
				BE8049CC2DA998390021012A /* PreviewView.swift in Sources */,
				BE8049DC2DAA61670021012A /* String.Ext.swift in Sources */,
				BE804A182DAC252E0021012A /* OnboardingData.swift in Sources */,
				BE8049D42DAA56320021012A /* RegistrationView.swift in Sources */,
				BECD10612DB615AC00C6E76C /* CommentView.swift in Sources */,
				BECD10782DB61DD200C6E76C /* AddDetailsViewPresenter.swift in Sources */,
				BE8049D82DAA59D50021012A /* RegistrationViewContent.swift in Sources */,
				BE7900ED2DB0358100D12D30 /* BaseTextView.swift in Sources */,
				BE804A122DAC07C60021012A /* OnboardingView.swift in Sources */,
				BE804A162DAC0B350021012A /* OnboardingViewContent.swift in Sources */,
				BEE7C64B2DAD54400081EABF /* db.xcdatamodeld in Sources */,
				BE71C8CA2DBF6ABD003EB62A /* AddDetailsViewModel.swift in Sources */,
				BECD106E2DB617DE00C6E76C /* AddBookView.swift in Sources */,
				BECD107E2DB62A3600C6E76C /* NavHeader.swift in Sources */,
				BECD10702DB6186C00C6E76C /* AddBookViewContent.swift in Sources */,
			);
			runOnlyForDeploymentPostprocessing = 0;
		};
/* End PBXSourcesBuildPhase section */

/* Begin PBXVariantGroup section */
		BEB0CDB82DA94E6B00312F96 /* LaunchScreen.storyboard */ = {
			isa = PBXVariantGroup;
			children = (
				BEB0CDB92DA94E6B00312F96 /* Base */,
			);
			name = LaunchScreen.storyboard;
			sourceTree = "<group>";
		};
/* End PBXVariantGroup section */

/* Begin XCBuildConfiguration section */
		BEB0CDBC2DA94E6B00312F96 /* Debug */ = {
			isa = XCBuildConfiguration;
			buildSettings = {
				ALWAYS_SEARCH_USER_PATHS = NO;
				ASSETCATALOG_COMPILER_GENERATE_SWIFT_ASSET_SYMBOL_EXTENSIONS = YES;
				CLANG_ANALYZER_NONNULL = YES;
				CLANG_ANALYZER_NUMBER_OBJECT_CONVERSION = YES_AGGRESSIVE;
				CLANG_CXX_LANGUAGE_STANDARD = "gnu++20";
				CLANG_ENABLE_MODULES = YES;
				CLANG_ENABLE_OBJC_ARC = YES;
				CLANG_ENABLE_OBJC_WEAK = YES;
				CLANG_WARN_BLOCK_CAPTURE_AUTORELEASING = YES;
				CLANG_WARN_BOOL_CONVERSION = YES;
				CLANG_WARN_COMMA = YES;
				CLANG_WARN_CONSTANT_CONVERSION = YES;
				CLANG_WARN_DEPRECATED_OBJC_IMPLEMENTATIONS = YES;
				CLANG_WARN_DIRECT_OBJC_ISA_USAGE = YES_ERROR;
				CLANG_WARN_DOCUMENTATION_COMMENTS = YES;
				CLANG_WARN_EMPTY_BODY = YES;
				CLANG_WARN_ENUM_CONVERSION = YES;
				CLANG_WARN_INFINITE_RECURSION = YES;
				CLANG_WARN_INT_CONVERSION = YES;
				CLANG_WARN_NON_LITERAL_NULL_CONVERSION = YES;
				CLANG_WARN_OBJC_IMPLICIT_RETAIN_SELF = YES;
				CLANG_WARN_OBJC_LITERAL_CONVERSION = YES;
				CLANG_WARN_OBJC_ROOT_CLASS = YES_ERROR;
				CLANG_WARN_QUOTED_INCLUDE_IN_FRAMEWORK_HEADER = YES;
				CLANG_WARN_RANGE_LOOP_ANALYSIS = YES;
				CLANG_WARN_STRICT_PROTOTYPES = YES;
				CLANG_WARN_SUSPICIOUS_MOVE = YES;
				CLANG_WARN_UNGUARDED_AVAILABILITY = YES_AGGRESSIVE;
				CLANG_WARN_UNREACHABLE_CODE = YES;
				CLANG_WARN__DUPLICATE_METHOD_MATCH = YES;
				COPY_PHASE_STRIP = NO;
				DEBUG_INFORMATION_FORMAT = dwarf;
				ENABLE_STRICT_OBJC_MSGSEND = YES;
				ENABLE_TESTABILITY = YES;
				ENABLE_USER_SCRIPT_SANDBOXING = YES;
				GCC_C_LANGUAGE_STANDARD = gnu17;
				GCC_DYNAMIC_NO_PIC = NO;
				GCC_NO_COMMON_BLOCKS = YES;
				GCC_OPTIMIZATION_LEVEL = 0;
				GCC_PREPROCESSOR_DEFINITIONS = (
					"DEBUG=1",
					"$(inherited)",
				);
				GCC_WARN_64_TO_32_BIT_CONVERSION = YES;
				GCC_WARN_ABOUT_RETURN_TYPE = YES_ERROR;
				GCC_WARN_UNDECLARED_SELECTOR = YES;
				GCC_WARN_UNINITIALIZED_AUTOS = YES_AGGRESSIVE;
				GCC_WARN_UNUSED_FUNCTION = YES;
				GCC_WARN_UNUSED_VARIABLE = YES;
				IPHONEOS_DEPLOYMENT_TARGET = 17.2;
				LOCALIZATION_PREFERS_STRING_CATALOGS = YES;
				MTL_ENABLE_DEBUG_INFO = INCLUDE_SOURCE;
				MTL_FAST_MATH = YES;
				ONLY_ACTIVE_ARCH = YES;
				SDKROOT = iphoneos;
				SWIFT_ACTIVE_COMPILATION_CONDITIONS = "DEBUG $(inherited)";
				SWIFT_OPTIMIZATION_LEVEL = "-Onone";
			};
			name = Debug;
		};
		BEB0CDBD2DA94E6B00312F96 /* Release */ = {
			isa = XCBuildConfiguration;
			buildSettings = {
				ALWAYS_SEARCH_USER_PATHS = NO;
				ASSETCATALOG_COMPILER_GENERATE_SWIFT_ASSET_SYMBOL_EXTENSIONS = YES;
				CLANG_ANALYZER_NONNULL = YES;
				CLANG_ANALYZER_NUMBER_OBJECT_CONVERSION = YES_AGGRESSIVE;
				CLANG_CXX_LANGUAGE_STANDARD = "gnu++20";
				CLANG_ENABLE_MODULES = YES;
				CLANG_ENABLE_OBJC_ARC = YES;
				CLANG_ENABLE_OBJC_WEAK = YES;
				CLANG_WARN_BLOCK_CAPTURE_AUTORELEASING = YES;
				CLANG_WARN_BOOL_CONVERSION = YES;
				CLANG_WARN_COMMA = YES;
				CLANG_WARN_CONSTANT_CONVERSION = YES;
				CLANG_WARN_DEPRECATED_OBJC_IMPLEMENTATIONS = YES;
				CLANG_WARN_DIRECT_OBJC_ISA_USAGE = YES_ERROR;
				CLANG_WARN_DOCUMENTATION_COMMENTS = YES;
				CLANG_WARN_EMPTY_BODY = YES;
				CLANG_WARN_ENUM_CONVERSION = YES;
				CLANG_WARN_INFINITE_RECURSION = YES;
				CLANG_WARN_INT_CONVERSION = YES;
				CLANG_WARN_NON_LITERAL_NULL_CONVERSION = YES;
				CLANG_WARN_OBJC_IMPLICIT_RETAIN_SELF = YES;
				CLANG_WARN_OBJC_LITERAL_CONVERSION = YES;
				CLANG_WARN_OBJC_ROOT_CLASS = YES_ERROR;
				CLANG_WARN_QUOTED_INCLUDE_IN_FRAMEWORK_HEADER = YES;
				CLANG_WARN_RANGE_LOOP_ANALYSIS = YES;
				CLANG_WARN_STRICT_PROTOTYPES = YES;
				CLANG_WARN_SUSPICIOUS_MOVE = YES;
				CLANG_WARN_UNGUARDED_AVAILABILITY = YES_AGGRESSIVE;
				CLANG_WARN_UNREACHABLE_CODE = YES;
				CLANG_WARN__DUPLICATE_METHOD_MATCH = YES;
				COPY_PHASE_STRIP = NO;
				DEBUG_INFORMATION_FORMAT = "dwarf-with-dsym";
				ENABLE_NS_ASSERTIONS = NO;
				ENABLE_STRICT_OBJC_MSGSEND = YES;
				ENABLE_USER_SCRIPT_SANDBOXING = YES;
				GCC_C_LANGUAGE_STANDARD = gnu17;
				GCC_NO_COMMON_BLOCKS = YES;
				GCC_WARN_64_TO_32_BIT_CONVERSION = YES;
				GCC_WARN_ABOUT_RETURN_TYPE = YES_ERROR;
				GCC_WARN_UNDECLARED_SELECTOR = YES;
				GCC_WARN_UNINITIALIZED_AUTOS = YES_AGGRESSIVE;
				GCC_WARN_UNUSED_FUNCTION = YES;
				GCC_WARN_UNUSED_VARIABLE = YES;
				IPHONEOS_DEPLOYMENT_TARGET = 17.2;
				LOCALIZATION_PREFERS_STRING_CATALOGS = YES;
				MTL_ENABLE_DEBUG_INFO = NO;
				MTL_FAST_MATH = YES;
				SDKROOT = iphoneos;
				SWIFT_COMPILATION_MODE = wholemodule;
				VALIDATE_PRODUCT = YES;
			};
			name = Release;
		};
		BEB0CDBF2DA94E6B00312F96 /* Debug */ = {
			isa = XCBuildConfiguration;
			buildSettings = {
				ASSETCATALOG_COMPILER_APPICON_NAME = AppIcon;
				ASSETCATALOG_COMPILER_GLOBAL_ACCENT_COLOR_NAME = AccentColor;
				CODE_SIGN_STYLE = Automatic;
				CURRENT_PROJECT_VERSION = 1;
				DEVELOPMENT_TEAM = CQUZ4C55P5;
				GENERATE_INFOPLIST_FILE = YES;
				INFOPLIST_FILE = Books/Info.plist;
				INFOPLIST_KEY_UIApplicationSupportsIndirectInputEvents = YES;
				INFOPLIST_KEY_UILaunchStoryboardName = LaunchScreen;
				INFOPLIST_KEY_UISupportedInterfaceOrientations_iPad = "UIInterfaceOrientationPortrait UIInterfaceOrientationPortraitUpsideDown UIInterfaceOrientationLandscapeLeft UIInterfaceOrientationLandscapeRight";
				INFOPLIST_KEY_UISupportedInterfaceOrientations_iPhone = "UIInterfaceOrientationPortrait UIInterfaceOrientationLandscapeLeft UIInterfaceOrientationLandscapeRight";
				LD_RUNPATH_SEARCH_PATHS = (
					"$(inherited)",
					"@executable_path/Frameworks",
				);
				MARKETING_VERSION = 1.0;
				PRODUCT_BUNDLE_IDENTIFIER = IvanSemenov.Books;
				PRODUCT_NAME = "$(TARGET_NAME)";
				SWIFT_EMIT_LOC_STRINGS = YES;
				SWIFT_VERSION = 5.0;
				TARGETED_DEVICE_FAMILY = "1,2";
			};
			name = Debug;
		};
		BEB0CDC02DA94E6B00312F96 /* Release */ = {
			isa = XCBuildConfiguration;
			buildSettings = {
				ASSETCATALOG_COMPILER_APPICON_NAME = AppIcon;
				ASSETCATALOG_COMPILER_GLOBAL_ACCENT_COLOR_NAME = AccentColor;
				CODE_SIGN_STYLE = Automatic;
				CURRENT_PROJECT_VERSION = 1;
				DEVELOPMENT_TEAM = CQUZ4C55P5;
				GENERATE_INFOPLIST_FILE = YES;
				INFOPLIST_FILE = Books/Info.plist;
				INFOPLIST_KEY_UIApplicationSupportsIndirectInputEvents = YES;
				INFOPLIST_KEY_UILaunchStoryboardName = LaunchScreen;
				INFOPLIST_KEY_UISupportedInterfaceOrientations_iPad = "UIInterfaceOrientationPortrait UIInterfaceOrientationPortraitUpsideDown UIInterfaceOrientationLandscapeLeft UIInterfaceOrientationLandscapeRight";
				INFOPLIST_KEY_UISupportedInterfaceOrientations_iPhone = "UIInterfaceOrientationPortrait UIInterfaceOrientationLandscapeLeft UIInterfaceOrientationLandscapeRight";
				LD_RUNPATH_SEARCH_PATHS = (
					"$(inherited)",
					"@executable_path/Frameworks",
				);
				MARKETING_VERSION = 1.0;
				PRODUCT_BUNDLE_IDENTIFIER = IvanSemenov.Books;
				PRODUCT_NAME = "$(TARGET_NAME)";
				SWIFT_EMIT_LOC_STRINGS = YES;
				SWIFT_VERSION = 5.0;
				TARGETED_DEVICE_FAMILY = "1,2";
			};
			name = Release;
		};
/* End XCBuildConfiguration section */

/* Begin XCConfigurationList section */
		BEB0CDA52DA94E6800312F96 /* Build configuration list for PBXProject "Books" */ = {
			isa = XCConfigurationList;
			buildConfigurations = (
				BEB0CDBC2DA94E6B00312F96 /* Debug */,
				BEB0CDBD2DA94E6B00312F96 /* Release */,
			);
			defaultConfigurationIsVisible = 0;
			defaultConfigurationName = Release;
		};
		BEB0CDBE2DA94E6B00312F96 /* Build configuration list for PBXNativeTarget "Books" */ = {
			isa = XCConfigurationList;
			buildConfigurations = (
				BEB0CDBF2DA94E6B00312F96 /* Debug */,
				BEB0CDC02DA94E6B00312F96 /* Release */,
			);
			defaultConfigurationIsVisible = 0;
			defaultConfigurationName = Release;
		};
/* End XCConfigurationList section */

/* Begin XCRemoteSwiftPackageReference section */
		BE8049B82DA958890021012A /* XCRemoteSwiftPackageReference "lottie-spm" */ = {
			isa = XCRemoteSwiftPackageReference;
			repositoryURL = "https://github.com/airbnb/lottie-spm.git";
			requirement = {
				kind = upToNextMajorVersion;
				minimumVersion = 4.5.1;
			};
		};
		BEE3C0852DBB92D9009B8FA5 /* XCRemoteSwiftPackageReference "SDWebImageSwiftUI" */ = {
			isa = XCRemoteSwiftPackageReference;
			repositoryURL = "https://github.com/SDWebImage/SDWebImageSwiftUI?tab=readme-ov-file";
			requirement = {
				kind = upToNextMajorVersion;
				minimumVersion = 3.1.3;
			};
		};
/* End XCRemoteSwiftPackageReference section */

/* Begin XCSwiftPackageProductDependency section */
		BE8049B92DA958890021012A /* Lottie */ = {
			isa = XCSwiftPackageProductDependency;
			package = BE8049B82DA958890021012A /* XCRemoteSwiftPackageReference "lottie-spm" */;
			productName = Lottie;
		};
		BEE3C0862DBB92D9009B8FA5 /* SDWebImageSwiftUI */ = {
			isa = XCSwiftPackageProductDependency;
			package = BEE3C0852DBB92D9009B8FA5 /* XCRemoteSwiftPackageReference "SDWebImageSwiftUI" */;
			productName = SDWebImageSwiftUI;
		};
/* End XCSwiftPackageProductDependency section */

/* Begin XCVersionGroup section */
		BEE7C6492DAD54400081EABF /* db.xcdatamodeld */ = {
			isa = XCVersionGroup;
			children = (
				BEE7C64A2DAD54400081EABF /* db.xcdatamodel */,
			);
			currentVersion = BEE7C64A2DAD54400081EABF /* db.xcdatamodel */;
			path = db.xcdatamodeld;
			sourceTree = "<group>";
			versionGroupType = wrapper.xcdatamodel;
		};
/* End XCVersionGroup section */
	};
	rootObject = BEB0CDA22DA94E6800312F96 /* Project object */;
}
